
Microsoft Visual Studio Solution File, Format Version 12.00
# Visual Studio Version 17
VisualStudioVersion = 17.0.31423.177
MinimumVisualStudioVersion = 10.0.40219.1
Project("{9A19103F-16F7-4668-BE54-9A1E7A4F7556}") = "speech-to-text", "speech-to-text\speech-to-text.csproj", "{64AD34B6-2EE2-4121-9414-25D779B62889}"
EndProject
Project("{2150E333-8FDC-42A3-9474-1A3956D46DE8}") = "SolutionItems", "SolutionItems", "{761AB75F-EECA-4060-B098-F6269A8BDFF1}"
	ProjectSection(SolutionItems) = preProject
		Directory.Build.props = Directory.Build.props
	EndProjectSection
EndProject
Project("{FAE04EC0-301F-11D3-BF4B-00C04F79EFBC}") = "speaker-recognition", "speech-recognizer\speaker-recognition.csproj", "{0B7D8298-CD88-4403-80E7-9A2E1868B480}"
EndProject
Project("{FAE04EC0-301F-11D3-BF4B-00C04F79EFBC}") = "SharedComponents", "SharedComponents\SharedComponents.csproj", "{4714B338-11D7-49D7-B046-93461C91B326}"
EndProject
Global
	GlobalSection(SolutionConfigurationPlatforms) = preSolution
		Debug|Any CPU = Debug|Any CPU
		Release|Any CPU = Release|Any CPU
	EndGlobalSection
	GlobalSection(ProjectConfigurationPlatforms) = postSolution
		{64AD34B6-2EE2-4121-9414-25D779B62889}.Debug|Any CPU.ActiveCfg = Debug|Any CPU
		{64AD34B6-2EE2-4121-9414-25D779B62889}.Debug|Any CPU.Build.0 = Debug|Any CPU
		{64AD34B6-2EE2-4121-9414-25D779B62889}.Release|Any CPU.ActiveCfg = Release|Any CPU
		{64AD34B6-2EE2-4121-9414-25D779B62889}.Release|Any CPU.Build.0 = Release|Any CPU
		{0B7D8298-CD88-4403-80E7-9A2E1868B480}.Debug|Any CPU.ActiveCfg = Debug|Any CPU
		{0B7D8298-CD88-4403-80E7-9A2E1868B480}.Debug|Any CPU.Build.0 = Debug|Any CPU
		{0B7D8298-CD88-4403-80E7-9A2E1868B480}.Release|Any CPU.ActiveCfg = Release|Any CPU
		{0B7D8298-CD88-4403-80E7-9A2E1868B480}.Release|Any CPU.Build.0 = Release|Any CPU
		{4714B338-11D7-49D7-B046-93461C91B326}.Debug|Any CPU.ActiveCfg = Debug|Any CPU
		{4714B338-11D7-49D7-B046-93461C91B326}.Debug|Any CPU.Build.0 = Debug|Any CPU
		{4714B338-11D7-49D7-B046-93461C91B326}.Release|Any CPU.ActiveCfg = Release|Any CPU
		{4714B338-11D7-49D7-B046-93461C91B326}.Release|Any CPU.Build.0 = Release|Any CPU
	EndGlobalSection
	GlobalSection(SolutionProperties) = preSolution
		HideSolutionNode = FALSE
	EndGlobalSection
	GlobalSection(ExtensibilityGlobals) = postSolution
		SolutionGuid = {9C2ACB37-DE8A-4EBB-B48E-3F4BC7373290}
	EndGlobalSection
EndGlobal
